
Microsoft Visual Studio Solution File, Format Version 12.00
# Visual Studio Version 17
VisualStudioVersion = 17.5.002.0
MinimumVisualStudioVersion = 10.0.40219.1
Project("{9A19103F-16F7-4668-BE54-9A1E7A4F7556}") = "Trading", "Trading.csproj", "{E3716A89-7D16-48CD-A155-5B17FDE4CCCF}"
EndProject
Global
	GlobalSection(SolutionConfigurationPlatforms) = preSolution
		Debug|Any CPU = Debug|Any CPU
		Release|Any CPU = Release|Any CPU
	EndGlobalSection
	GlobalSection(ProjectConfigurationPlatforms) = postSolution
		{E3716A89-7D16-48CD-A155-5B17FDE4CCCF}.Debug|Any CPU.ActiveCfg = Debug|Any CPU
		{E3716A89-7D16-48CD-A155-5B17FDE4CCCF}.Debug|Any CPU.Build.0 = Debug|Any CPU
		{E3716A89-7D16-48CD-A155-5B17FDE4CCCF}.Release|Any CPU.ActiveCfg = Release|Any CPU
		{E3716A89-7D16-48CD-A155-5B17FDE4CCCF}.Release|Any CPU.Build.0 = Release|Any CPU
	EndGlobalSection
	GlobalSection(SolutionProperties) = preSolution
		HideSolutionNode = FALSE
	EndGlobalSection
	GlobalSection(ExtensibilityGlobals) = postSolution
		SolutionGuid = {86FA9B88-DF91-4698-8565-CDF3F7606257}
	EndGlobalSection
EndGlobal
